<?xml version="1.0" encoding="utf-8"?>
<Project ToolsVersion="4.0" xmlns="http://schemas.microsoft.com/developer/msbuild/2003">
  <ItemGroup>
    <Filter Include="Resource Files">
      <UniqueIdentifier>{67DA6AB6-F800-4c08-8B7A-83BB121AAD01}</UniqueIdentifier>
      <Extensions>qrc;rc;ico;cur;bmp;dlg;rc2;rct;bin;rgs;gif;jpg;jpeg;jpe;resx;tiff;tif;png;wav;mfcribbon-ms</Extensions>
    </Filter>
    <Filter Include="Form Files">
      <UniqueIdentifier>{99349809-55BA-4b9d-BF79-8FDBB0286EB3}</UniqueIdentifier>
      <Extensions>ui</Extensions>
    </Filter>
    <Filter Include="Translation Files">
      <UniqueIdentifier>{639EADAA-A684-42e4-A9AD-28FC9BCB8F7C}</UniqueIdentifier>
      <Extensions>ts</Extensions>
    </Filter>
    <Filter Include="Source Files">
      <UniqueIdentifier>{93995380-89BD-4b04-88EB-625FBE52EBFB}</UniqueIdentifier>
      <Extensions>h;hh;hpp;hxx;hm;inl;inc;xsd</Extensions>
    </Filter>
    <Filter Include="Source Files\Helper">
      <UniqueIdentifier>{21acd272-23d9-43e2-97cc-66ca5b92d4af}</UniqueIdentifier>
    </Filter>
    <Filter Include="Source Files\Helper\FrameLessHelper">
      <UniqueIdentifier>{8b4e02db-bebc-4136-9a4c-9fe2d3e2eeb3}</UniqueIdentifier>
    </Filter>
    <Filter Include="Source Files\Helper\FrameLessHelper\Kernels">
      <UniqueIdentifier>{315ff52f-f708-4d83-95d9-4e018fe637f7}</UniqueIdentifier>
    </Filter>
    <Filter Include="Source Files\Forms">
      <UniqueIdentifier>{cdef2728-ad9b-41e6-b8ef-f199aa1ca3c7}</UniqueIdentifier>
    </Filter>
    <Filter Include="Source Files\Model">
      <UniqueIdentifier>{e1922c22-1da2-4a73-b772-df98555c81d2}</UniqueIdentifier>
    </Filter>
    <Filter Include="Source Files\HttpDataParser">
      <UniqueIdentifier>{412dec10-47b4-4a12-95b3-94805e107839}</UniqueIdentifier>
    </Filter>
    <Filter Include="Source Files\Helper\HttpHelper">
      <UniqueIdentifier>{ca5c5f4b-9e21-474c-8898-1d4fde1ffbcc}</UniqueIdentifier>
    </Filter>
  </ItemGroup>
  <ItemGroup>
    <QtMoc Include="src\Helper\FramelessHelper\Kernels\NativeWindowHelper.h">
      <Filter>Source Files\Helper\FrameLessHelper\Kernels</Filter>
    </QtMoc>
    <QtMoc Include="src\Helper\FramelessHelper\FramelessHelper.h">
      <Filter>Source Files\Helper\FrameLessHelper</Filter>
    </QtMoc>
    <QtMoc Include="src\Forms\StarRailToolDesktop.h">
      <Filter>Source Files\Forms</Filter>
    </QtMoc>
    <QtMoc Include="src\Forms\WishPage.h">
      <Filter>Source Files\Forms</Filter>
    </QtMoc>
    <QtMoc Include="src\Forms\WishPageQueryTemplate.h">
      <Filter>Source Files\Forms</Filter>
    </QtMoc>
    <QtMoc Include="src\Helper\HttpClient.h">
      <Filter>Source Files\Helper\HttpHelper</Filter>
    </QtMoc>
  </ItemGroup>
  <ItemGroup>
    <ClCompile Include="main.cpp">
      <Filter>Source Files</Filter>
    </ClCompile>
    <ClCompile Include="src\Helper\FramelessHelper\Kernels\NativeWindowFilter.cpp">
      <Filter>Source Files\Helper\FrameLessHelper\Kernels</Filter>
    </ClCompile>
    <ClCompile Include="src\Helper\FramelessHelper\Kernels\NativeWindowHelper.cpp">
      <Filter>Source Files\Helper\FrameLessHelper\Kernels</Filter>
    </ClCompile>
    <ClCompile Include="src\Helper\FramelessHelper\FramelessHelper.cpp">
      <Filter>Source Files\Helper\FrameLessHelper</Filter>
    </ClCompile>
    <ClCompile Include="src\Forms\StarRailToolDesktop.cpp">
      <Filter>Source Files\Forms</Filter>
    </ClCompile>
    <ClCompile Include="src\Forms\WishPage.cpp">
      <Filter>Source Files\Forms</Filter>
    </ClCompile>
    <ClCompile Include="src\Forms\WishPageQueryTemplate.cpp">
      <Filter>Source Files\Forms</Filter>
    </ClCompile>
    <ClCompile Include="WishDataModel.cpp" />
  </ItemGroup>
  <ItemGroup>
    <QtUic Include="forms\MainWindow.ui">
      <Filter>Form Files</Filter>
    </QtUic>
    <QtUic Include="forms\WishPage.ui">
      <Filter>Form Files</Filter>
    </QtUic>
    <QtUic Include="forms\WishPageQueryTemplate.ui">
      <Filter>Form Files</Filter>
    </QtUic>
  </ItemGroup>
  <ItemGroup>
    <QtRcc Include="StarRailToolDesktop.qrc">
      <Filter>Resource Files</Filter>
    </QtRcc>
  </ItemGroup>
  <ItemGroup>
    <ClInclude Include="src\Helper\FramelessHelper\Kernels\NativeWindowFilter.h">
      <Filter>Source Files\Helper\FrameLessHelper\Kernels</Filter>
    </ClInclude>
    <ClInclude Include="src\Helper\FramelessHelper\Kernels\NativeWindowFilter_p.h">
      <Filter>Source Files\Helper\FrameLessHelper\Kernels</Filter>
    </ClInclude>
    <ClInclude Include="src\Helper\FramelessHelper\Kernels\NativeWindowHelper_p.h">
      <Filter>Source Files\Helper\FrameLessHelper\Kernels</Filter>
    </ClInclude>
    <ClInclude Include="src\Helper\FramelessHelper\FramelessHelper_p.h">
      <Filter>Source Files\Helper\FrameLessHelper</Filter>
    </ClInclude>
    <ClInclude Include="src\Model\WishDataHttpParser.h">
      <Filter>Source Files\HttpDataParser</Filter>
    </ClInclude>
    <ClInclude Include="WishDataModel.h">
      <Filter>Source Files\Model</Filter>
    </ClInclude>
  </ItemGroup>
</Project>